
Microsoft Visual Studio Solution File, Format Version 12.00
# Visual Studio Version 17
VisualStudioVersion = 17.5.33516.290
MinimumVisualStudioVersion = 10.0.40219.1
Project("{FAE04EC0-301F-11D3-BF4B-00C04F79EFBC}") = "RealTimeApp", "RealTimeApp\RealTimeApp.csproj", "{C61C40A8-82A4-41B7-AA79-30BA6BC7613E}"
EndProject
Global
	GlobalSection(SolutionConfigurationPlatforms) = preSolution
		Debug|Any CPU = Debug|Any CPU
		Release|Any CPU = Release|Any CPU
	EndGlobalSection
	GlobalSection(ProjectConfigurationPlatforms) = postSolution
		{C61C40A8-82A4-41B7-AA79-30BA6BC7613E}.Debug|Any CPU.ActiveCfg = Debug|Any CPU
		{C61C40A8-82A4-41B7-AA79-30BA6BC7613E}.Debug|Any CPU.Build.0 = Debug|Any CPU
		{C61C40A8-82A4-41B7-AA79-30BA6BC7613E}.Release|Any CPU.ActiveCfg = Release|Any CPU
		{C61C40A8-82A4-41B7-AA79-30BA6BC7613E}.Release|Any CPU.Build.0 = Release|Any CPU
	EndGlobalSection
	GlobalSection(SolutionProperties) = preSolution
		HideSolutionNode = FALSE
	EndGlobalSection
	GlobalSection(ExtensibilityGlobals) = postSolution
		SolutionGuid = {127516CA-5753-48CC-9F66-D8B6DE469120}
	EndGlobalSection
EndGlobal
